{
  "requires": true,
  "lockfileVersion": 1,
  "dependencies": {
    "bootstrap": {
      "version": "5.0.2",
      "resolved": "https://registry.npmjs.org/bootstrap/-/bootstrap-5.0.2.tgz",
      "integrity": "sha512-1Ge963tyEQWJJ+8qtXFU6wgmAVj9gweEjibUdbmcCEYsn38tVwRk8107rk2vzt6cfQcRr3SlZ8aQBqaD8aqf+Q=="
    },
    "bootstrap-browserify": {
      "version": "2.1.1",
      "resolved": "https://registry.npmjs.org/bootstrap-browserify/-/bootstrap-browserify-2.1.1.tgz",
      "integrity": "sha1-PuAE1pIYHJvGUVO8X5J9++1qDws=",
      "requires": {
        "jquery-browserify": "~1.8.1"
      }
    },
    "jquery-browserify": {
      "version": "1.8.1",
      "resolved": "https://registry.npmjs.org/jquery-browserify/-/jquery-browserify-1.8.1.tgz",
      "integrity": "sha1-DeqddBpPQRWuGYDEUxsiUCmRoBU="
    }
  }
}
